
Microsoft Visual Studio Solution File, Format Version 11.00
# Visual Studio 2010
Project("{FAE04EC0-301F-11D3-BF4B-00C04F79EFBC}") = "Linear Block Codes", "Linear Block Codes\Linear Block Codes.csproj", "{D46807A5-4A80-42DA-A41D-D3C2A8701BAE}"
EndProject
Global
	GlobalSection(SolutionConfigurationPlatforms) = preSolution
		Debug|Any CPU = Debug|Any CPU
		Release|Any CPU = Release|Any CPU
	EndGlobalSection
	GlobalSection(ProjectConfigurationPlatforms) = postSolution
		{D46807A5-4A80-42DA-A41D-D3C2A8701BAE}.Debug|Any CPU.ActiveCfg = Debug|Any CPU
		{D46807A5-4A80-42DA-A41D-D3C2A8701BAE}.Debug|Any CPU.Build.0 = Debug|Any CPU
		{D46807A5-4A80-42DA-A41D-D3C2A8701BAE}.Release|Any CPU.ActiveCfg = Release|Any CPU
		{D46807A5-4A80-42DA-A41D-D3C2A8701BAE}.Release|Any CPU.Build.0 = Release|Any CPU
	EndGlobalSection
	GlobalSection(SolutionProperties) = preSolution
		HideSolutionNode = FALSE
	EndGlobalSection
EndGlobal
